
Microsoft Visual Studio Solution File, Format Version 12.00
# Visual Studio Version 17
VisualStudioVersion = 17.14.36127.28 d17.14
MinimumVisualStudioVersion = 10.0.40219.1
Project("{FAE04EC0-301F-11D3-BF4B-00C04F79EFBC}") = "SaidaDeDados", "SaidaDeDados\SaidaDeDados.csproj", "{F2D46F06-D369-4CCA-AA05-FCBB375ABA55}"
EndProject
Global
	GlobalSection(SolutionConfigurationPlatforms) = preSolution
		Debug|Any CPU = Debug|Any CPU
		Release|Any CPU = Release|Any CPU
	EndGlobalSection
	GlobalSection(ProjectConfigurationPlatforms) = postSolution
		{F2D46F06-D369-4CCA-AA05-FCBB375ABA55}.Debug|Any CPU.ActiveCfg = Debug|Any CPU
		{F2D46F06-D369-4CCA-AA05-FCBB375ABA55}.Debug|Any CPU.Build.0 = Debug|Any CPU
		{F2D46F06-D369-4CCA-AA05-FCBB375ABA55}.Release|Any CPU.ActiveCfg = Release|Any CPU
		{F2D46F06-D369-4CCA-AA05-FCBB375ABA55}.Release|Any CPU.Build.0 = Release|Any CPU
	EndGlobalSection
	GlobalSection(SolutionProperties) = preSolution
		HideSolutionNode = FALSE
	EndGlobalSection
	GlobalSection(ExtensibilityGlobals) = postSolution
		SolutionGuid = {AA54F078-7472-4A9D-B265-BF409C488348}
	EndGlobalSection
EndGlobal
