
Microsoft Visual Studio Solution File, Format Version 12.00
# Visual Studio Version 17
VisualStudioVersion = 17.14.36127.28 d17.14
MinimumVisualStudioVersion = 10.0.40219.1
Project("{FAE04EC0-301F-11D3-BF4B-00C04F79EFBC}") = "Primeiro", "Primeiro\Primeiro.csproj", "{4C9EB1FC-49EA-4019-BD1A-36F13F8B8B3E}"
EndProject
Global
	GlobalSection(SolutionConfigurationPlatforms) = preSolution
		Debug|Any CPU = Debug|Any CPU
		Release|Any CPU = Release|Any CPU
	EndGlobalSection
	GlobalSection(ProjectConfigurationPlatforms) = postSolution
		{4C9EB1FC-49EA-4019-BD1A-36F13F8B8B3E}.Debug|Any CPU.ActiveCfg = Debug|Any CPU
		{4C9EB1FC-49EA-4019-BD1A-36F13F8B8B3E}.Debug|Any CPU.Build.0 = Debug|Any CPU
		{4C9EB1FC-49EA-4019-BD1A-36F13F8B8B3E}.Release|Any CPU.ActiveCfg = Release|Any CPU
		{4C9EB1FC-49EA-4019-BD1A-36F13F8B8B3E}.Release|Any CPU.Build.0 = Release|Any CPU
	EndGlobalSection
	GlobalSection(SolutionProperties) = preSolution
		HideSolutionNode = FALSE
	EndGlobalSection
	GlobalSection(ExtensibilityGlobals) = postSolution
		SolutionGuid = {5E08247E-2CB7-4C49-BB56-70DCFE75FF5C}
	EndGlobalSection
EndGlobal
