
Microsoft Visual Studio Solution File, Format Version 12.00
# Visual Studio Version 17
VisualStudioVersion = 17.14.36127.28 d17.14
MinimumVisualStudioVersion = 10.0.40219.1
Project("{FAE04EC0-301F-11D3-BF4B-00C04F79EFBC}") = "ProcessamentoDeDadosCasting", "ProcessamentoDeDadosCasting\ProcessamentoDeDadosCasting.csproj", "{F7011633-ECBA-4F5B-A4A3-A1B83B0EB666}"
EndProject
Global
	GlobalSection(SolutionConfigurationPlatforms) = preSolution
		Debug|Any CPU = Debug|Any CPU
		Release|Any CPU = Release|Any CPU
	EndGlobalSection
	GlobalSection(ProjectConfigurationPlatforms) = postSolution
		{F7011633-ECBA-4F5B-A4A3-A1B83B0EB666}.Debug|Any CPU.ActiveCfg = Debug|Any CPU
		{F7011633-ECBA-4F5B-A4A3-A1B83B0EB666}.Debug|Any CPU.Build.0 = Debug|Any CPU
		{F7011633-ECBA-4F5B-A4A3-A1B83B0EB666}.Release|Any CPU.ActiveCfg = Release|Any CPU
		{F7011633-ECBA-4F5B-A4A3-A1B83B0EB666}.Release|Any CPU.Build.0 = Release|Any CPU
	EndGlobalSection
	GlobalSection(SolutionProperties) = preSolution
		HideSolutionNode = FALSE
	EndGlobalSection
	GlobalSection(ExtensibilityGlobals) = postSolution
		SolutionGuid = {F365361B-A754-42F0-A736-24ABAF46B013}
	EndGlobalSection
EndGlobal
