
Microsoft Visual Studio Solution File, Format Version 12.00
# Visual Studio Version 17
VisualStudioVersion = 17.14.36127.28 d17.14
MinimumVisualStudioVersion = 10.0.40219.1
Project("{FAE04EC0-301F-11D3-BF4B-00C04F79EFBC}") = "SomaImpares", "SomaImpares\SomaImpares.csproj", "{9FC401AD-7341-4838-A4C3-999956B9B795}"
EndProject
Global
	GlobalSection(SolutionConfigurationPlatforms) = preSolution
		Debug|Any CPU = Debug|Any CPU
		Release|Any CPU = Release|Any CPU
	EndGlobalSection
	GlobalSection(ProjectConfigurationPlatforms) = postSolution
		{9FC401AD-7341-4838-A4C3-999956B9B795}.Debug|Any CPU.ActiveCfg = Debug|Any CPU
		{9FC401AD-7341-4838-A4C3-999956B9B795}.Debug|Any CPU.Build.0 = Debug|Any CPU
		{9FC401AD-7341-4838-A4C3-999956B9B795}.Release|Any CPU.ActiveCfg = Release|Any CPU
		{9FC401AD-7341-4838-A4C3-999956B9B795}.Release|Any CPU.Build.0 = Release|Any CPU
	EndGlobalSection
	GlobalSection(SolutionProperties) = preSolution
		HideSolutionNode = FALSE
	EndGlobalSection
	GlobalSection(ExtensibilityGlobals) = postSolution
		SolutionGuid = {96540108-2EF1-4487-AE83-A9C40F9CE329}
	EndGlobalSection
EndGlobal
